# This file is autogenerated, do not edit; changes may be undone by the next 'dep ensure'.


[[projects]]
  branch = "master"
  name = "github.com/zaproxy/zap-api-go"
  packages = ["zap"]
  revision = "8779ab35e992b817ce1f0bac4928312952b8b5e0"

[solve-meta]
  analyzer-name = "dep"
  analyzer-version = 1
  inputs-digest = "b06ba302fd79c62293a8e2869a8ea78ba6b309ccf283be790bf4696a64ae1760"
  solver-name = "gps-cdcl"
  solver-version = 1
